// !$*UTF8*$!
{
	archiveVersion = 1;
	classes = {
	};
	objectVersion = 46;
	objects = {
/* Begin PBXBuildFile section */
		0207DA581B56EA530066E2B4 /* Images.xcassets in Resources */ = {isa = PBXBuildFile; fileRef = 0207DA571B56EA530066E2B4 /* Images.xcassets */; };
		1D3623260D0F684500981E51 /* AppDelegate.m in Sources */ = {isa = PBXBuildFile; fileRef = 1D3623250D0F684500981E51 /* AppDelegate.m */; };
		1D60589B0D05DD56006BFB54 /* main.m in Sources */ = {isa = PBXBuildFile; fileRef = 29B97316FDCFA39411CA2CEA /* main.m */; };
		301BF552109A68D80062928A /* libCordova.a in Frameworks */ = {isa = PBXBuildFile; fileRef = 301BF535109A57CC0062928A /* libCordova.a */; };
		302D95F114D2391D003F00A1 /* MainViewController.m in Sources */ = {isa = PBXBuildFile; fileRef = 302D95EF14D2391D003F00A1 /* MainViewController.m */; };
		302D95F214D2391D003F00A1 /* MainViewController.xib in Resources */ = {isa = PBXBuildFile; fileRef = 302D95F014D2391D003F00A1 /* MainViewController.xib */; };
		3047A5121AB8059700498E2A /* build-debug.xcconfig in Resources */ = {isa = PBXBuildFile; fileRef = 3047A50F1AB8059700498E2A /* build-debug.xcconfig */; };
		3047A5131AB8059700498E2A /* build-release.xcconfig in Resources */ = {isa = PBXBuildFile; fileRef = 3047A5101AB8059700498E2A /* build-release.xcconfig */; };
		3047A5141AB8059700498E2A /* build.xcconfig in Resources */ = {isa = PBXBuildFile; fileRef = 3047A5111AB8059700498E2A /* build.xcconfig */; };
		17A4C94BE12F405192F30563 /* CDVLogger.m in Sources */ = {isa = PBXBuildFile; fileRef = 70257B9115AE4899A73F862F /* CDVLogger.m */; };
		0C0BFE662D0A4C61B874D1CE /* CDVDevice.m in Sources */ = {isa = PBXBuildFile; fileRef = 290AD15E0ADB4C51BED5E1F6 /* CDVDevice.m */; };
		CEFE1F1D9A824831BB7C1FFE /* CDVNotification.m in Sources */ = {isa = PBXBuildFile; fileRef = 2D7B69081116446F8EC20B4D /* CDVNotification.m */; };
		54CC1F765B2346FC90032F95 /* CDVNotification.bundle in Resources */ = {isa = PBXBuildFile; fileRef = 09CC981A0EDC4066BBD8B8B6 /* CDVNotification.bundle */; };
		C9314A73F2A045FD87EEF9B3 /* AudioToolbox.framework in Frameworks */ = {isa = PBXBuildFile; fileRef = C2BFB0AE02CF4D4CA04D07B7 /* AudioToolbox.framework */; settings = {ATTRIBUTES = (Weak, ); }; };
		B6F7C692EFA3412AA233E6AC /* FacebookConnectPlugin.m in Sources */ = {isa = PBXBuildFile; fileRef = 394A95CA29B346AFBA37EA23 /* FacebookConnectPlugin.m */; };
		8AD2A9593DDF4EE69B4FDBDC /* Bolts.framework in Frameworks */ = {isa = PBXBuildFile; fileRef = 4285B434C405460FBA70534E /* Bolts.framework */; };
		097502E23A3E432AB317313B /* FBSDKCoreKit.framework in Frameworks */ = {isa = PBXBuildFile; fileRef = 8D5C7D8480A949608B32C3EC /* FBSDKCoreKit.framework */; };
		F77377631ACC4E97B4F95839 /* FBSDKLoginKit.framework in Frameworks */ = {isa = PBXBuildFile; fileRef = BB076C2727B34E8986F0E223 /* FBSDKLoginKit.framework */; };
		8994603035B3416F8E4CCE21 /* FBSDKShareKit.framework in Frameworks */ = {isa = PBXBuildFile; fileRef = 51528B34D2E34C4093B65587 /* FBSDKShareKit.framework */; };
		31F5056BBDDC48AB885D9A3E /* CDVLocation.m in Sources */ = {isa = PBXBuildFile; fileRef = 8ADA669AB3F04A10BF32F8E1 /* CDVLocation.m */; };
		86E047EEA4454FC59F58429A /* CoreLocation.framework in Frameworks */ = {isa = PBXBuildFile; fileRef = 38E732716C484E36BFE3C782 /* CoreLocation.framework */; };
		8F5313A0F43F49A9AA523AD7 /* GooglePlus.m in Sources */ = {isa = PBXBuildFile; fileRef = A8A25C83D6C341698FF6AAE1 /* GooglePlus.m */; };
		BBD601963A5C40DEA962C0DD /* GoogleAppUtilities.framework in Frameworks */ = {isa = PBXBuildFile; fileRef = EA677855BA4D45A18EC3F1BD /* GoogleAppUtilities.framework */; };
		A88F1712F2EA48DA9897DB89 /* GoogleAuthUtilities.framework in Frameworks */ = {isa = PBXBuildFile; fileRef = 750AB1B541694A73946F33D3 /* GoogleAuthUtilities.framework */; };
		DCE68E43719B4B7DBFB72EEE /* GoogleNetworkingUtilities.framework in Frameworks */ = {isa = PBXBuildFile; fileRef = FB7F042D10F14A43B985CB83 /* GoogleNetworkingUtilities.framework */; };
		86475A0698AC44A5830CA121 /* GoogleSignIn.framework in Frameworks */ = {isa = PBXBuildFile; fileRef = CF2B855388B04125AEF0DA1A /* GoogleSignIn.framework */; };
		FC098E1E47F54F909CC96F76 /* GoogleSymbolUtilities.framework in Frameworks */ = {isa = PBXBuildFile; fileRef = 1221D7878FB5420A9E3368C5 /* GoogleSymbolUtilities.framework */; };
		0C7D360A84884171969EA172 /* GoogleUtilities.framework in Frameworks */ = {isa = PBXBuildFile; fileRef = 1A84E0B2C2CF4CF290ED3EF7 /* GoogleUtilities.framework */; };
		D35AA52F744241ACBAD6D899 /* AddressBook.framework in Frameworks */ = {isa = PBXBuildFile; fileRef = 5E56910D58A542D7A6635140 /* AddressBook.framework */; settings = {ATTRIBUTES = (Weak, ); }; };
		8C19E5C380EC440087D4C6FF /* CoreText.framework in Frameworks */ = {isa = PBXBuildFile; fileRef = 0570E37F8CAC4204BDE38760 /* CoreText.framework */; settings = {ATTRIBUTES = (Weak, ); }; };
		DCC9D5213F494BA4BB99E16B /* SafariServices.framework in Frameworks */ = {isa = PBXBuildFile; fileRef = 6A93A785A39D4DE789543C98 /* SafariServices.framework */; settings = {ATTRIBUTES = (Weak, ); }; };
		142A8591A4574595A94AA7FD /* Security.framework in Frameworks */ = {isa = PBXBuildFile; fileRef = 46E0530CC86F41DB9706054C /* Security.framework */; settings = {ATTRIBUTES = (Weak, ); }; };
		37F744803E574AD298EBF8D5 /* SystemConfiguration.framework in Frameworks */ = {isa = PBXBuildFile; fileRef = AECDB391BB864BB681AE9539 /* SystemConfiguration.framework */; settings = {ATTRIBUTES = (Weak, ); }; };
		69B8F76E551E40BCA09D46F5 /* libz.tbd in Resources */ = {isa = PBXBuildFile; fileRef = 0B6AAFE61C8B4C1290F4D8D2 /* libz.tbd */; settings = {ATTRIBUTES = (Weak, ); }; };
		9A7D2503B4C146779332E6C4 /* libz.dylib in Frameworks */ = {isa = PBXBuildFile; fileRef = 5A9066A3EA3546A6A291D3DD /* libz.dylib */; settings = {ATTRIBUTES = (Weak, ); }; };
		916E95ABE9FB4B15B78137D2 /* CDVSplashScreen.m in Sources */ = {isa = PBXBuildFile; fileRef = E433F8046BFE48E4804EC720 /* CDVSplashScreen.m */; };
		038E5625B1154334941AC952 /* CDVViewController+SplashScreen.m in Sources */ = {isa = PBXBuildFile; fileRef = 21D18FBA17DB46A593C48B2F /* CDVViewController+SplashScreen.m */; };
		F5EB5D23E83F43BDAD9F64E4 /* CDVStatusBar.m in Sources */ = {isa = PBXBuildFile; fileRef = 900ED13FDB07403A9B71F495 /* CDVStatusBar.m */; };
		273A25397A454D0DAA3583C6 /* Toast+UIView.m in Sources */ = {isa = PBXBuildFile; fileRef = 538917395B8B414FAF097A7C /* Toast+UIView.m */; };
		763F67438952482A815CA90D /* Toast.m in Sources */ = {isa = PBXBuildFile; fileRef = 3363CCB92729466596F06229 /* Toast.m */; };
		D50A20948A874F529D2E0290 /* QuartzCore.framework in Frameworks */ = {isa = PBXBuildFile; fileRef = 45DCA06E22094D939D00B6FE /* QuartzCore.framework */; };
		999FEA9D88E44D709CCB8E05 /* IonicKeyboard.m in Sources */ = {isa = PBXBuildFile; fileRef = 7CB3D4BACD554B4398908604 /* IonicKeyboard.m */; };
/* End PBXBuildFile section */

/* Begin PBXContainerItemProxy section */
		301BF534109A57CC0062928A /* PBXContainerItemProxy */ = {
			isa = PBXContainerItemProxy;
			containerPortal = 301BF52D109A57CC0062928A /* CordovaLib.xcodeproj */;
			proxyType = 2;
			remoteGlobalIDString = D2AAC07E0554694100DB518D;
			remoteInfo = CordovaLib;
		};
		301BF550109A68C00062928A /* PBXContainerItemProxy */ = {
			isa = PBXContainerItemProxy;
			containerPortal = 301BF52D109A57CC0062928A /* CordovaLib.xcodeproj */;
			proxyType = 1;
			remoteGlobalIDString = D2AAC07D0554694100DB518D;
			remoteInfo = CordovaLib;
		};
/* End PBXContainerItemProxy section */

/* Begin PBXFileReference section */
		0207DA571B56EA530066E2B4 /* Images.xcassets */ = {isa = PBXFileReference; lastKnownFileType = folder.assetcatalog; name = Images.xcassets; path = "scgasApp/Images.xcassets"; sourceTree = SOURCE_ROOT; };
		1D3623240D0F684500981E51 /* AppDelegate.h */ = {isa = PBXFileReference; fileEncoding = 4; lastKnownFileType = sourcecode.c.h; path = AppDelegate.h; sourceTree = "<group>"; };
		1D3623250D0F684500981E51 /* AppDelegate.m */ = {isa = PBXFileReference; fileEncoding = 4; lastKnownFileType = sourcecode.c.objc; path = AppDelegate.m; sourceTree = "<group>"; };
		1D6058910D05DD3D006BFB54 /* scgasApp.app */ = {isa = PBXFileReference; explicitFileType = wrapper.application; includeInIndex = 0; path = "scgasApp.app"; sourceTree = BUILT_PRODUCTS_DIR; };
		29B97316FDCFA39411CA2CEA /* main.m */ = {isa = PBXFileReference; fileEncoding = 4; lastKnownFileType = sourcecode.c.objc; path = main.m; sourceTree = "<group>"; };
		301BF52D109A57CC0062928A /* CordovaLib.xcodeproj */ = {isa = PBXFileReference; lastKnownFileType = "wrapper.pb-project"; name = CordovaLib.xcodeproj; path = CordovaLib/CordovaLib.xcodeproj; sourceTree = "<group>"; };
		301BF56E109A69640062928A /* www */ = {isa = PBXFileReference; lastKnownFileType = folder; path = www; sourceTree = SOURCE_ROOT; };
		302D95EE14D2391D003F00A1 /* MainViewController.h */ = {isa = PBXFileReference; fileEncoding = 4; lastKnownFileType = sourcecode.c.h; path = MainViewController.h; sourceTree = "<group>"; };
		302D95EF14D2391D003F00A1 /* MainViewController.m */ = {isa = PBXFileReference; fileEncoding = 4; lastKnownFileType = sourcecode.c.objc; path = MainViewController.m; sourceTree = "<group>"; };
		302D95F014D2391D003F00A1 /* MainViewController.xib */ = {isa = PBXFileReference; fileEncoding = 4; lastKnownFileType = file.xib; path = MainViewController.xib; sourceTree = "<group>"; };
		3047A50F1AB8059700498E2A /* build-debug.xcconfig */ = {isa = PBXFileReference; fileEncoding = 4; lastKnownFileType = text.xcconfig; name = "build-debug.xcconfig"; path = cordova/build-debug.xcconfig; sourceTree = SOURCE_ROOT; };
		3047A5101AB8059700498E2A /* build-release.xcconfig */ = {isa = PBXFileReference; fileEncoding = 4; lastKnownFileType = text.xcconfig; name = "build-release.xcconfig"; path = cordova/build-release.xcconfig; sourceTree = SOURCE_ROOT; };
		3047A5111AB8059700498E2A /* build.xcconfig */ = {isa = PBXFileReference; fileEncoding = 4; lastKnownFileType = text.xcconfig; name = build.xcconfig; path = cordova/build.xcconfig; sourceTree = SOURCE_ROOT; };
		32CA4F630368D1EE00C91783 /* scgasApp-Prefix.pch */ = {isa = PBXFileReference; fileEncoding = 4; lastKnownFileType = sourcecode.c.h; path = "scgasApp-Prefix.pch"; sourceTree = "<group>"; };
		8D1107310486CEB800E47090 /* scgasApp-Info.plist */ = {isa = PBXFileReference; fileEncoding = 4; lastKnownFileType = text.plist.xml; name = "scgasApp-Info.plist"; path = "scgasApp/scgasApp-Info.plist"; plistStructureDefinitionIdentifier = "com.apple.xcode.plist.structure-definition.iphone.info-plist"; sourceTree = SOURCE_ROOT; };
		EB87FDF31871DA8E0020F90C /* www */ = {isa = PBXFileReference; lastKnownFileType = folder; name = www; path = ../../www; sourceTree = "<group>"; };
		EB87FDF41871DAF40020F90C /* config.xml */ = {isa = PBXFileReference; lastKnownFileType = text.xml; name = config.xml; path = ../../config.xml; sourceTree = "<group>"; };
		F840E1F0165FE0F500CFE078 /* config.xml */ = {isa = PBXFileReference; lastKnownFileType = text.xml; name = config.xml; path = "scgasApp/config.xml"; sourceTree = "<group>"; };
		ED33DF2A687741AEAF9F8254 /* Bridging-Header.h */ = {isa = PBXFileReference; fileEncoding = 4; lastKnownFileType = sourcecode.c.h; name = "Bridging-Header.h"; path = "Bridging-Header.h"; sourceTree = "<group>"; };
		70257B9115AE4899A73F862F /* CDVLogger.m */ = {isa = PBXFileReference; name = "CDVLogger.m"; path = "cordova-plugin-console/CDVLogger.m"; sourceTree = "<group>"; fileEncoding = 4; lastKnownFileType = sourcecode.c.objc; explicitFileType = undefined; includeInIndex = 0; };
		1A5F7CD5EB8446E5980589A6 /* CDVLogger.h */ = {isa = PBXFileReference; name = "CDVLogger.h"; path = "cordova-plugin-console/CDVLogger.h"; sourceTree = "<group>"; fileEncoding = 4; lastKnownFileType = sourcecode.c.h; explicitFileType = undefined; includeInIndex = 0; };
		290AD15E0ADB4C51BED5E1F6 /* CDVDevice.m */ = {isa = PBXFileReference; name = "CDVDevice.m"; path = "cordova-plugin-device/CDVDevice.m"; sourceTree = "<group>"; fileEncoding = 4; lastKnownFileType = sourcecode.c.objc; explicitFileType = undefined; includeInIndex = 0; };
		C3FDCCBCD05B498BAF0C8573 /* CDVDevice.h */ = {isa = PBXFileReference; name = "CDVDevice.h"; path = "cordova-plugin-device/CDVDevice.h"; sourceTree = "<group>"; fileEncoding = 4; lastKnownFileType = sourcecode.c.h; explicitFileType = undefined; includeInIndex = 0; };
		2D7B69081116446F8EC20B4D /* CDVNotification.m */ = {isa = PBXFileReference; name = "CDVNotification.m"; path = "cordova-plugin-dialogs/CDVNotification.m"; sourceTree = "<group>"; fileEncoding = 4; lastKnownFileType = sourcecode.c.objc; explicitFileType = undefined; includeInIndex = 0; };
		D52D35F1C6F94BE7A17B50EC /* CDVNotification.h */ = {isa = PBXFileReference; name = "CDVNotification.h"; path = "cordova-plugin-dialogs/CDVNotification.h"; sourceTree = "<group>"; fileEncoding = 4; lastKnownFileType = sourcecode.c.h; explicitFileType = undefined; includeInIndex = 0; };
		09CC981A0EDC4066BBD8B8B6 /* CDVNotification.bundle */ = {isa = PBXFileReference; name = "CDVNotification.bundle"; path = "CDVNotification.bundle"; sourceTree = "<group>"; fileEncoding = undefined; lastKnownFileType = wrapper.plug-in; explicitFileType = undefined; includeInIndex = 0; };
		C2BFB0AE02CF4D4CA04D07B7 /* AudioToolbox.framework */ = {isa = PBXFileReference; name = "AudioToolbox.framework"; path = "System/Library/Frameworks/AudioToolbox.framework"; sourceTree = SDKROOT; fileEncoding = undefined; lastKnownFileType = wrapper.framework; explicitFileType = undefined; includeInIndex = 0; };
		394A95CA29B346AFBA37EA23 /* FacebookConnectPlugin.m */ = {isa = PBXFileReference; name = "FacebookConnectPlugin.m"; path = "cordova-plugin-facebook4/FacebookConnectPlugin.m"; sourceTree = "<group>"; fileEncoding = 4; lastKnownFileType = sourcecode.c.objc; explicitFileType = undefined; includeInIndex = 0; };
		EDAB7DC93B594BDA9C3BB356 /* FacebookConnectPlugin.h */ = {isa = PBXFileReference; name = "FacebookConnectPlugin.h"; path = "cordova-plugin-facebook4/FacebookConnectPlugin.h"; sourceTree = "<group>"; fileEncoding = 4; lastKnownFileType = sourcecode.c.h; explicitFileType = undefined; includeInIndex = 0; };
		4285B434C405460FBA70534E /* Bolts.framework */ = {isa = PBXFileReference; name = "Bolts.framework"; path = "scgasApp/Plugins/cordova-plugin-facebook4/Bolts.framework"; sourceTree = "<group>"; fileEncoding = undefined; lastKnownFileType = wrapper.framework; explicitFileType = undefined; includeInIndex = 0; };
		8D5C7D8480A949608B32C3EC /* FBSDKCoreKit.framework */ = {isa = PBXFileReference; name = "FBSDKCoreKit.framework"; path = "scgasApp/Plugins/cordova-plugin-facebook4/FBSDKCoreKit.framework"; sourceTree = "<group>"; fileEncoding = undefined; lastKnownFileType = wrapper.framework; explicitFileType = undefined; includeInIndex = 0; };
		BB076C2727B34E8986F0E223 /* FBSDKLoginKit.framework */ = {isa = PBXFileReference; name = "FBSDKLoginKit.framework"; path = "scgasApp/Plugins/cordova-plugin-facebook4/FBSDKLoginKit.framework"; sourceTree = "<group>"; fileEncoding = undefined; lastKnownFileType = wrapper.framework; explicitFileType = undefined; includeInIndex = 0; };
		51528B34D2E34C4093B65587 /* FBSDKShareKit.framework */ = {isa = PBXFileReference; name = "FBSDKShareKit.framework"; path = "scgasApp/Plugins/cordova-plugin-facebook4/FBSDKShareKit.framework"; sourceTree = "<group>"; fileEncoding = undefined; lastKnownFileType = wrapper.framework; explicitFileType = undefined; includeInIndex = 0; };
		8ADA669AB3F04A10BF32F8E1 /* CDVLocation.m */ = {isa = PBXFileReference; name = "CDVLocation.m"; path = "cordova-plugin-geolocation/CDVLocation.m"; sourceTree = "<group>"; fileEncoding = 4; lastKnownFileType = sourcecode.c.objc; explicitFileType = undefined; includeInIndex = 0; };
		25F681785D634478B3E3A728 /* CDVLocation.h */ = {isa = PBXFileReference; name = "CDVLocation.h"; path = "cordova-plugin-geolocation/CDVLocation.h"; sourceTree = "<group>"; fileEncoding = 4; lastKnownFileType = sourcecode.c.h; explicitFileType = undefined; includeInIndex = 0; };
		38E732716C484E36BFE3C782 /* CoreLocation.framework */ = {isa = PBXFileReference; name = "CoreLocation.framework"; path = "System/Library/Frameworks/CoreLocation.framework"; sourceTree = SDKROOT; fileEncoding = undefined; lastKnownFileType = wrapper.framework; explicitFileType = undefined; includeInIndex = 0; };
		A8A25C83D6C341698FF6AAE1 /* GooglePlus.m */ = {isa = PBXFileReference; name = "GooglePlus.m"; path = "cordova-plugin-googleplus/GooglePlus.m"; sourceTree = "<group>"; fileEncoding = 4; lastKnownFileType = sourcecode.c.objc; explicitFileType = undefined; includeInIndex = 0; };
		324A2FA219E54BF48A40A08A /* GooglePlus.h */ = {isa = PBXFileReference; name = "GooglePlus.h"; path = "cordova-plugin-googleplus/GooglePlus.h"; sourceTree = "<group>"; fileEncoding = 4; lastKnownFileType = sourcecode.c.h; explicitFileType = undefined; includeInIndex = 0; };
		EA677855BA4D45A18EC3F1BD /* GoogleAppUtilities.framework */ = {isa = PBXFileReference; name = "GoogleAppUtilities.framework"; path = "scgasApp/Plugins/cordova-plugin-googleplus/GoogleAppUtilities.framework"; sourceTree = "<group>"; fileEncoding = undefined; lastKnownFileType = wrapper.framework; explicitFileType = undefined; includeInIndex = 0; };
		750AB1B541694A73946F33D3 /* GoogleAuthUtilities.framework */ = {isa = PBXFileReference; name = "GoogleAuthUtilities.framework"; path = "scgasApp/Plugins/cordova-plugin-googleplus/GoogleAuthUtilities.framework"; sourceTree = "<group>"; fileEncoding = undefined; lastKnownFileType = wrapper.framework; explicitFileType = undefined; includeInIndex = 0; };
		FB7F042D10F14A43B985CB83 /* GoogleNetworkingUtilities.framework */ = {isa = PBXFileReference; name = "GoogleNetworkingUtilities.framework"; path = "scgasApp/Plugins/cordova-plugin-googleplus/GoogleNetworkingUtilities.framework"; sourceTree = "<group>"; fileEncoding = undefined; lastKnownFileType = wrapper.framework; explicitFileType = undefined; includeInIndex = 0; };
		CF2B855388B04125AEF0DA1A /* GoogleSignIn.framework */ = {isa = PBXFileReference; name = "GoogleSignIn.framework"; path = "scgasApp/Plugins/cordova-plugin-googleplus/GoogleSignIn.framework"; sourceTree = "<group>"; fileEncoding = undefined; lastKnownFileType = wrapper.framework; explicitFileType = undefined; includeInIndex = 0; };
		1221D7878FB5420A9E3368C5 /* GoogleSymbolUtilities.framework */ = {isa = PBXFileReference; name = "GoogleSymbolUtilities.framework"; path = "scgasApp/Plugins/cordova-plugin-googleplus/GoogleSymbolUtilities.framework"; sourceTree = "<group>"; fileEncoding = undefined; lastKnownFileType = wrapper.framework; explicitFileType = undefined; includeInIndex = 0; };
		1A84E0B2C2CF4CF290ED3EF7 /* GoogleUtilities.framework */ = {isa = PBXFileReference; name = "GoogleUtilities.framework"; path = "scgasApp/Plugins/cordova-plugin-googleplus/GoogleUtilities.framework"; sourceTree = "<group>"; fileEncoding = undefined; lastKnownFileType = wrapper.framework; explicitFileType = undefined; includeInIndex = 0; };
		5E56910D58A542D7A6635140 /* AddressBook.framework */ = {isa = PBXFileReference; name = "AddressBook.framework"; path = "System/Library/Frameworks/AddressBook.framework"; sourceTree = SDKROOT; fileEncoding = undefined; lastKnownFileType = wrapper.framework; explicitFileType = undefined; includeInIndex = 0; };
		0570E37F8CAC4204BDE38760 /* CoreText.framework */ = {isa = PBXFileReference; name = "CoreText.framework"; path = "System/Library/Frameworks/CoreText.framework"; sourceTree = SDKROOT; fileEncoding = undefined; lastKnownFileType = wrapper.framework; explicitFileType = undefined; includeInIndex = 0; };
		6A93A785A39D4DE789543C98 /* SafariServices.framework */ = {isa = PBXFileReference; name = "SafariServices.framework"; path = "System/Library/Frameworks/SafariServices.framework"; sourceTree = SDKROOT; fileEncoding = undefined; lastKnownFileType = wrapper.framework; explicitFileType = undefined; includeInIndex = 0; };
		46E0530CC86F41DB9706054C /* Security.framework */ = {isa = PBXFileReference; name = "Security.framework"; path = "System/Library/Frameworks/Security.framework"; sourceTree = SDKROOT; fileEncoding = undefined; lastKnownFileType = wrapper.framework; explicitFileType = undefined; includeInIndex = 0; };
		AECDB391BB864BB681AE9539 /* SystemConfiguration.framework */ = {isa = PBXFileReference; name = "SystemConfiguration.framework"; path = "System/Library/Frameworks/SystemConfiguration.framework"; sourceTree = SDKROOT; fileEncoding = undefined; lastKnownFileType = wrapper.framework; explicitFileType = undefined; includeInIndex = 0; };
		0B6AAFE61C8B4C1290F4D8D2 /* libz.tbd */ = {isa = PBXFileReference; name = "libz.tbd"; path = "libz.tbd"; sourceTree = "<group>"; fileEncoding = undefined; lastKnownFileType = unknown; explicitFileType = undefined; includeInIndex = 0; };
		5A9066A3EA3546A6A291D3DD /* libz.dylib */ = {isa = PBXFileReference; name = "libz.dylib"; path = "usr/lib/libz.dylib"; sourceTree = SDKROOT; fileEncoding = undefined; lastKnownFileType = compiled.mach-o.dylib; explicitFileType = undefined; includeInIndex = 0; };
		E433F8046BFE48E4804EC720 /* CDVSplashScreen.m */ = {isa = PBXFileReference; name = "CDVSplashScreen.m"; path = "cordova-plugin-splashscreen/CDVSplashScreen.m"; sourceTree = "<group>"; fileEncoding = 4; lastKnownFileType = sourcecode.c.objc; explicitFileType = undefined; includeInIndex = 0; };
		21D18FBA17DB46A593C48B2F /* CDVViewController+SplashScreen.m */ = {isa = PBXFileReference; name = "CDVViewController+SplashScreen.m"; path = "cordova-plugin-splashscreen/CDVViewController+SplashScreen.m"; sourceTree = "<group>"; fileEncoding = 4; lastKnownFileType = sourcecode.c.objc; explicitFileType = undefined; includeInIndex = 0; };
		DF58846D1F234AF98DBE2C44 /* CDVSplashScreen.h */ = {isa = PBXFileReference; name = "CDVSplashScreen.h"; path = "cordova-plugin-splashscreen/CDVSplashScreen.h"; sourceTree = "<group>"; fileEncoding = 4; lastKnownFileType = sourcecode.c.h; explicitFileType = undefined; includeInIndex = 0; };
		FB08968888824E6ABF68824F /* CDVViewController+SplashScreen.h */ = {isa = PBXFileReference; name = "CDVViewController+SplashScreen.h"; path = "cordova-plugin-splashscreen/CDVViewController+SplashScreen.h"; sourceTree = "<group>"; fileEncoding = 4; lastKnownFileType = sourcecode.c.h; explicitFileType = undefined; includeInIndex = 0; };
		900ED13FDB07403A9B71F495 /* CDVStatusBar.m */ = {isa = PBXFileReference; name = "CDVStatusBar.m"; path = "cordova-plugin-statusbar/CDVStatusBar.m"; sourceTree = "<group>"; fileEncoding = 4; lastKnownFileType = sourcecode.c.objc; explicitFileType = undefined; includeInIndex = 0; };
		2C009BBA392246E4B9F3174E /* CDVStatusBar.h */ = {isa = PBXFileReference; name = "CDVStatusBar.h"; path = "cordova-plugin-statusbar/CDVStatusBar.h"; sourceTree = "<group>"; fileEncoding = 4; lastKnownFileType = sourcecode.c.h; explicitFileType = undefined; includeInIndex = 0; };
		538917395B8B414FAF097A7C /* Toast+UIView.m */ = {isa = PBXFileReference; name = "Toast+UIView.m"; path = "cordova-plugin-x-toast/Toast+UIView.m"; sourceTree = "<group>"; fileEncoding = 4; lastKnownFileType = sourcecode.c.objc; explicitFileType = undefined; includeInIndex = 0; };
		3363CCB92729466596F06229 /* Toast.m */ = {isa = PBXFileReference; name = "Toast.m"; path = "cordova-plugin-x-toast/Toast.m"; sourceTree = "<group>"; fileEncoding = 4; lastKnownFileType = sourcecode.c.objc; explicitFileType = undefined; includeInIndex = 0; };
		6DCC298296A748119A74553C /* Toast+UIView.h */ = {isa = PBXFileReference; name = "Toast+UIView.h"; path = "cordova-plugin-x-toast/Toast+UIView.h"; sourceTree = "<group>"; fileEncoding = 4; lastKnownFileType = sourcecode.c.h; explicitFileType = undefined; includeInIndex = 0; };
		35E557AC33384B7BBFD1C55C /* Toast.h */ = {isa = PBXFileReference; name = "Toast.h"; path = "cordova-plugin-x-toast/Toast.h"; sourceTree = "<group>"; fileEncoding = 4; lastKnownFileType = sourcecode.c.h; explicitFileType = undefined; includeInIndex = 0; };
		45DCA06E22094D939D00B6FE /* QuartzCore.framework */ = {isa = PBXFileReference; name = "QuartzCore.framework"; path = "System/Library/Frameworks/QuartzCore.framework"; sourceTree = SDKROOT; fileEncoding = undefined; lastKnownFileType = wrapper.framework; explicitFileType = undefined; includeInIndex = 0; };
		7CB3D4BACD554B4398908604 /* IonicKeyboard.m */ = {isa = PBXFileReference; name = "IonicKeyboard.m"; path = "ionic-plugin-keyboard/IonicKeyboard.m"; sourceTree = "<group>"; fileEncoding = 4; lastKnownFileType = sourcecode.c.objc; explicitFileType = undefined; includeInIndex = 0; };
		6DB112B3146C4276822A0951 /* IonicKeyboard.h */ = {isa = PBXFileReference; name = "IonicKeyboard.h"; path = "ionic-plugin-keyboard/IonicKeyboard.h"; sourceTree = "<group>"; fileEncoding = 4; lastKnownFileType = sourcecode.c.h; explicitFileType = undefined; includeInIndex = 0; };
/* End PBXFileReference section */

/* Begin PBXFrameworksBuildPhase section */
		1D60588F0D05DD3D006BFB54 /* Frameworks */ = {
			isa = PBXFrameworksBuildPhase;
			buildActionMask = 2147483647;
			files = (
				301BF552109A68D80062928A /* libCordova.a in Frameworks */,
				C9314A73F2A045FD87EEF9B3 /* AudioToolbox.framework in Frameworks */,
				8AD2A9593DDF4EE69B4FDBDC /* Bolts.framework in Frameworks */,
				097502E23A3E432AB317313B /* FBSDKCoreKit.framework in Frameworks */,
				F77377631ACC4E97B4F95839 /* FBSDKLoginKit.framework in Frameworks */,
				8994603035B3416F8E4CCE21 /* FBSDKShareKit.framework in Frameworks */,
				86E047EEA4454FC59F58429A /* CoreLocation.framework in Frameworks */,
				BBD601963A5C40DEA962C0DD /* GoogleAppUtilities.framework in Frameworks */,
				A88F1712F2EA48DA9897DB89 /* GoogleAuthUtilities.framework in Frameworks */,
				DCE68E43719B4B7DBFB72EEE /* GoogleNetworkingUtilities.framework in Frameworks */,
				86475A0698AC44A5830CA121 /* GoogleSignIn.framework in Frameworks */,
				FC098E1E47F54F909CC96F76 /* GoogleSymbolUtilities.framework in Frameworks */,
				0C7D360A84884171969EA172 /* GoogleUtilities.framework in Frameworks */,
				D35AA52F744241ACBAD6D899 /* AddressBook.framework in Frameworks */,
				8C19E5C380EC440087D4C6FF /* CoreText.framework in Frameworks */,
				DCC9D5213F494BA4BB99E16B /* SafariServices.framework in Frameworks */,
				142A8591A4574595A94AA7FD /* Security.framework in Frameworks */,
				37F744803E574AD298EBF8D5 /* SystemConfiguration.framework in Frameworks */,
				69B8F76E551E40BCA09D46F5 /* libz.tbd in Resources */,
				9A7D2503B4C146779332E6C4 /* libz.dylib in Frameworks */,
				D50A20948A874F529D2E0290 /* QuartzCore.framework in Frameworks */,
			);
			runOnlyForDeploymentPostprocessing = 0;
		};
/* End PBXFrameworksBuildPhase section */

/* Begin PBXGroup section */
		080E96DDFE201D6D7F000001 /* Classes */ = {
			isa = PBXGroup;
			children = (
				302D95EE14D2391D003F00A1 /* MainViewController.h */,
				302D95EF14D2391D003F00A1 /* MainViewController.m */,
				302D95F014D2391D003F00A1 /* MainViewController.xib */,
				1D3623240D0F684500981E51 /* AppDelegate.h */,
				1D3623250D0F684500981E51 /* AppDelegate.m */,
			);
			name = Classes;
			path = "scgasApp/Classes";
			sourceTree = SOURCE_ROOT;
		};
		19C28FACFE9D520D11CA2CBB /* Products */ = {
			isa = PBXGroup;
			children = (
				1D6058910D05DD3D006BFB54 /* scgasApp.app */,
			);
			name = Products;
			sourceTree = "<group>";
		};
		29B97314FDCFA39411CA2CEA /* CustomTemplate */ = {
			isa = PBXGroup;
			children = (
				EB87FDF41871DAF40020F90C /* config.xml */,
				EB87FDF31871DA8E0020F90C /* www */,
				EB87FDF11871DA420020F90C /* Staging */,
				301BF52D109A57CC0062928A /* CordovaLib.xcodeproj */,
				080E96DDFE201D6D7F000001 /* Classes */,
				307C750510C5A3420062BCA9 /* Plugins */,
				29B97315FDCFA39411CA2CEA /* Other Sources */,
				29B97317FDCFA39411CA2CEA /* Resources */,
				29B97323FDCFA39411CA2CEA /* Frameworks */,
				19C28FACFE9D520D11CA2CBB /* Products */,
			);
			name = CustomTemplate;
			sourceTree = "<group>";
		};
		29B97315FDCFA39411CA2CEA /* Other Sources */ = {
			isa = PBXGroup;
			children = (
				32CA4F630368D1EE00C91783 /* scgasApp-Prefix.pch */,
				29B97316FDCFA39411CA2CEA /* main.m */,
				ED33DF2A687741AEAF9F8254 /* Bridging-Header.h */,
			);
			name = "Other Sources";
			path = "scgasApp";
			sourceTree = "<group>";
		};
		29B97317FDCFA39411CA2CEA /* Resources */ = {
			isa = PBXGroup;
			children = (
				0207DA571B56EA530066E2B4 /* Images.xcassets */,
				3047A50E1AB8057F00498E2A /* config */,
				8D1107310486CEB800E47090 /* scgasApp-Info.plist */,
				09CC981A0EDC4066BBD8B8B6 /* CDVNotification.bundle */,
			);
			name = Resources;
			path = "scgasApp/Resources";
			sourceTree = "<group>";
		};
		29B97323FDCFA39411CA2CEA /* Frameworks */ = {
			isa = PBXGroup;
			children = (
				C2BFB0AE02CF4D4CA04D07B7 /* AudioToolbox.framework */,
				4285B434C405460FBA70534E /* Bolts.framework */,
				8D5C7D8480A949608B32C3EC /* FBSDKCoreKit.framework */,
				BB076C2727B34E8986F0E223 /* FBSDKLoginKit.framework */,
				51528B34D2E34C4093B65587 /* FBSDKShareKit.framework */,
				38E732716C484E36BFE3C782 /* CoreLocation.framework */,
				EA677855BA4D45A18EC3F1BD /* GoogleAppUtilities.framework */,
				750AB1B541694A73946F33D3 /* GoogleAuthUtilities.framework */,
				FB7F042D10F14A43B985CB83 /* GoogleNetworkingUtilities.framework */,
				CF2B855388B04125AEF0DA1A /* GoogleSignIn.framework */,
				1221D7878FB5420A9E3368C5 /* GoogleSymbolUtilities.framework */,
				1A84E0B2C2CF4CF290ED3EF7 /* GoogleUtilities.framework */,
				5E56910D58A542D7A6635140 /* AddressBook.framework */,
				0570E37F8CAC4204BDE38760 /* CoreText.framework */,
				6A93A785A39D4DE789543C98 /* SafariServices.framework */,
				46E0530CC86F41DB9706054C /* Security.framework */,
				AECDB391BB864BB681AE9539 /* SystemConfiguration.framework */,
				0B6AAFE61C8B4C1290F4D8D2 /* libz.tbd */,
				5A9066A3EA3546A6A291D3DD /* libz.dylib */,
				45DCA06E22094D939D00B6FE /* QuartzCore.framework */,
			);
			name = Frameworks;
			sourceTree = "<group>";
		};
		301BF52E109A57CC0062928A /* Products */ = {
			isa = PBXGroup;
			children = (
				301BF535109A57CC0062928A /* libCordova.a */,
			);
			name = Products;
			sourceTree = "<group>";
		};
		3047A50E1AB8057F00498E2A /* config */ = {
			isa = PBXGroup;
			children = (
				3047A50F1AB8059700498E2A /* build-debug.xcconfig */,
				3047A5101AB8059700498E2A /* build-release.xcconfig */,
				3047A5111AB8059700498E2A /* build.xcconfig */,
			);
			name = config;
			sourceTree = "<group>";
		};
		307C750510C5A3420062BCA9 /* Plugins */ = {
			isa = PBXGroup;
			children = (
				70257B9115AE4899A73F862F /* CDVLogger.m */,
				1A5F7CD5EB8446E5980589A6 /* CDVLogger.h */,
				290AD15E0ADB4C51BED5E1F6 /* CDVDevice.m */,
				C3FDCCBCD05B498BAF0C8573 /* CDVDevice.h */,
				2D7B69081116446F8EC20B4D /* CDVNotification.m */,
				D52D35F1C6F94BE7A17B50EC /* CDVNotification.h */,
				394A95CA29B346AFBA37EA23 /* FacebookConnectPlugin.m */,
				EDAB7DC93B594BDA9C3BB356 /* FacebookConnectPlugin.h */,
				8ADA669AB3F04A10BF32F8E1 /* CDVLocation.m */,
				25F681785D634478B3E3A728 /* CDVLocation.h */,
				A8A25C83D6C341698FF6AAE1 /* GooglePlus.m */,
				324A2FA219E54BF48A40A08A /* GooglePlus.h */,
				E433F8046BFE48E4804EC720 /* CDVSplashScreen.m */,
				21D18FBA17DB46A593C48B2F /* CDVViewController+SplashScreen.m */,
				DF58846D1F234AF98DBE2C44 /* CDVSplashScreen.h */,
				FB08968888824E6ABF68824F /* CDVViewController+SplashScreen.h */,
				900ED13FDB07403A9B71F495 /* CDVStatusBar.m */,
				2C009BBA392246E4B9F3174E /* CDVStatusBar.h */,
				538917395B8B414FAF097A7C /* Toast+UIView.m */,
				3363CCB92729466596F06229 /* Toast.m */,
				6DCC298296A748119A74553C /* Toast+UIView.h */,
				35E557AC33384B7BBFD1C55C /* Toast.h */,
				7CB3D4BACD554B4398908604 /* IonicKeyboard.m */,
				6DB112B3146C4276822A0951 /* IonicKeyboard.h */,
			);
			name = Plugins;
			path = "scgasApp/Plugins";
			sourceTree = SOURCE_ROOT;
		};
		EB87FDF11871DA420020F90C /* Staging */ = {
			isa = PBXGroup;
			children = (
				F840E1F0165FE0F500CFE078 /* config.xml */,
				301BF56E109A69640062928A /* www */,
			);
			name = Staging;
			sourceTree = "<group>";
		};
/* End PBXGroup section */

/* Begin PBXNativeTarget section */
		1D6058900D05DD3D006BFB54 /* scgasApp */ = {
			isa = PBXNativeTarget;
			buildConfigurationList = 1D6058960D05DD3E006BFB54 /* Build configuration list for PBXNativeTarget "scgasApp" */;
			buildPhases = (
				304B58A110DAC018002A0835 /* Copy www directory */,
				1D60588D0D05DD3D006BFB54 /* Resources */,
				1D60588E0D05DD3D006BFB54 /* Sources */,
				1D60588F0D05DD3D006BFB54 /* Frameworks */,
			);
			buildRules = (
			);
			dependencies = (
				301BF551109A68C00062928A /* PBXTargetDependency */,
			);
			name = "scgasApp";
			productName = "scgasApp";
			productReference = 1D6058910D05DD3D006BFB54 /* scgasApp.app */;
			productType = "com.apple.product-type.application";
		};
/* End PBXNativeTarget section */

/* Begin PBXProject section */
		29B97313FDCFA39411CA2CEA /* Project object */ = {
			isa = PBXProject;
			attributes = {
				LastUpgradeCheck = 510;
			};
			buildConfigurationList = C01FCF4E08A954540054247B /* Build configuration list for PBXProject "__NON-CLI__" */;
			compatibilityVersion = "Xcode 3.2";
			developmentRegion = English;
			hasScannedForEncodings = 1;
			mainGroup = 29B97314FDCFA39411CA2CEA /* CustomTemplate */;
			projectDirPath = "";
			projectReferences = (
				{
					ProductGroup = 301BF52E109A57CC0062928A /* Products */;
					ProjectRef = 301BF52D109A57CC0062928A /* CordovaLib.xcodeproj */;
				},
			);
			projectRoot = "";
			targets = (
				1D6058900D05DD3D006BFB54 /* scgasApp */,
			);
		};
/* End PBXProject section */

/* Begin PBXReferenceProxy section */
		301BF535109A57CC0062928A /* libCordova.a */ = {
			isa = PBXReferenceProxy;
			fileType = archive.ar;
			path = libCordova.a;
			remoteRef = 301BF534109A57CC0062928A /* PBXContainerItemProxy */;
			sourceTree = BUILT_PRODUCTS_DIR;
		};
/* End PBXReferenceProxy section */

/* Begin PBXResourcesBuildPhase section */
		1D60588D0D05DD3D006BFB54 /* Resources */ = {
			isa = PBXResourcesBuildPhase;
			buildActionMask = 2147483647;
			files = (
				302D95F214D2391D003F00A1 /* MainViewController.xib in Resources */,
				3047A5131AB8059700498E2A /* build-release.xcconfig in Resources */,
				3047A5141AB8059700498E2A /* build.xcconfig in Resources */,
				0207DA581B56EA530066E2B4 /* Images.xcassets in Resources */,
				3047A5121AB8059700498E2A /* build-debug.xcconfig in Resources */,
				54CC1F765B2346FC90032F95 /* CDVNotification.bundle in Resources */,
			);
			runOnlyForDeploymentPostprocessing = 0;
		};
/* End PBXResourcesBuildPhase section */

/* Begin PBXShellScriptBuildPhase section */
		304B58A110DAC018002A0835 /* Copy www directory */ = {
			isa = PBXShellScriptBuildPhase;
			buildActionMask = 2147483647;
			files = (
			);
			inputPaths = (
			);
			name = "Copy www directory";
			outputPaths = (
			);
			runOnlyForDeploymentPostprocessing = 0;
			shellPath = /bin/sh;
			shellScript = "NODEJS_PATH=/usr/local/bin; NVM_NODE_PATH=~/.nvm/versions/node/`nvm version 2>/dev/null`/bin; N_NODE_PATH=`find /usr/local/n/versions/node/* -maxdepth 0 -type d 2>/dev/null | tail -1`/bin; XCODE_NODE_PATH=`xcode-select --print-path`/usr/share/xcs/Node/bin; PATH=$NODEJS_PATH:$NVM_NODE_PATH:$N_NODE_PATH:$XCODE_NODE_PATH:$PATH && node cordova/lib/copy-www-build-step.js";
			showEnvVarsInLog = 0;
		};
/* End PBXShellScriptBuildPhase section */

/* Begin PBXSourcesBuildPhase section */
		1D60588E0D05DD3D006BFB54 /* Sources */ = {
			isa = PBXSourcesBuildPhase;
			buildActionMask = 2147483647;
			files = (
				1D60589B0D05DD56006BFB54 /* main.m in Sources */,
				1D3623260D0F684500981E51 /* AppDelegate.m in Sources */,
				302D95F114D2391D003F00A1 /* MainViewController.m in Sources */,
				17A4C94BE12F405192F30563 /* CDVLogger.m in Sources */,
				0C0BFE662D0A4C61B874D1CE /* CDVDevice.m in Sources */,
				CEFE1F1D9A824831BB7C1FFE /* CDVNotification.m in Sources */,
				B6F7C692EFA3412AA233E6AC /* FacebookConnectPlugin.m in Sources */,
				31F5056BBDDC48AB885D9A3E /* CDVLocation.m in Sources */,
				8F5313A0F43F49A9AA523AD7 /* GooglePlus.m in Sources */,
				916E95ABE9FB4B15B78137D2 /* CDVSplashScreen.m in Sources */,
				038E5625B1154334941AC952 /* CDVViewController+SplashScreen.m in Sources */,
				F5EB5D23E83F43BDAD9F64E4 /* CDVStatusBar.m in Sources */,
				273A25397A454D0DAA3583C6 /* Toast+UIView.m in Sources */,
				763F67438952482A815CA90D /* Toast.m in Sources */,
				999FEA9D88E44D709CCB8E05 /* IonicKeyboard.m in Sources */,
			);
			runOnlyForDeploymentPostprocessing = 0;
		};
/* End PBXSourcesBuildPhase section */

/* Begin PBXTargetDependency section */
		301BF551109A68C00062928A /* PBXTargetDependency */ = {
			isa = PBXTargetDependency;
			name = CordovaLib;
			targetProxy = 301BF550109A68C00062928A /* PBXContainerItemProxy */;
		};
/* End PBXTargetDependency section */

/* Begin XCBuildConfiguration section */
		1D6058940D05DD3E006BFB54 /* Debug */ = {
			isa = XCBuildConfiguration;
			baseConfigurationReference = 3047A50F1AB8059700498E2A /* build-debug.xcconfig */;
			buildSettings = {
				ALWAYS_SEARCH_USER_PATHS = NO;
				ASSETCATALOG_COMPILER_APPICON_NAME = AppIcon;
				ASSETCATALOG_COMPILER_LAUNCHIMAGE_NAME = LaunchImage;
				CLANG_ENABLE_MODULES = YES;
				CLANG_ENABLE_OBJC_ARC = YES;
				COPY_PHASE_STRIP = NO;
				GCC_DYNAMIC_NO_PIC = NO;
				GCC_OPTIMIZATION_LEVEL = 0;
				GCC_PRECOMPILE_PREFIX_HEADER = YES;
				GCC_PREFIX_HEADER = "scgasApp/scgasApp-Prefix.pch";
				GCC_THUMB_SUPPORT = NO;
				GCC_VERSION = "";
				INFOPLIST_FILE = "scgasApp/scgasApp-Info.plist";
				LD_RUNPATH_SEARCH_PATHS = "@executable_path/Frameworks";
				PRODUCT_NAME = "scgasApp";
				FRAMEWORK_SEARCH_PATHS = (
					"$(inherited)",
					"\"scgasApp/Plugins/cordova-plugin-facebook4\"",
					"\"scgasApp/Plugins/cordova-plugin-facebook4\"",
					"\"scgasApp/Plugins/cordova-plugin-facebook4\"",
					"\"scgasApp/Plugins/cordova-plugin-facebook4\"",
					"\"scgasApp/Plugins/cordova-plugin-googleplus\"",
					"\"scgasApp/Plugins/cordova-plugin-googleplus\"",
					"\"scgasApp/Plugins/cordova-plugin-googleplus\"",
					"\"scgasApp/Plugins/cordova-plugin-googleplus\"",
					"\"scgasApp/Plugins/cordova-plugin-googleplus\"",
					"\"scgasApp/Plugins/cordova-plugin-googleplus\"",
				);
			};
			name = Debug;
		};
		1D6058950D05DD3E006BFB54 /* Release */ = {
			isa = XCBuildConfiguration;
			baseConfigurationReference = 3047A5101AB8059700498E2A /* build-release.xcconfig */;
			buildSettings = {
				ALWAYS_SEARCH_USER_PATHS = NO;
				ASSETCATALOG_COMPILER_APPICON_NAME = AppIcon;
				ASSETCATALOG_COMPILER_LAUNCHIMAGE_NAME = LaunchImage;
				CLANG_ENABLE_MODULES = YES;
				CLANG_ENABLE_OBJC_ARC = YES;
				COPY_PHASE_STRIP = YES;
				GCC_PRECOMPILE_PREFIX_HEADER = YES;
				GCC_PREFIX_HEADER = "scgasApp/scgasApp-Prefix.pch";
				GCC_THUMB_SUPPORT = NO;
				GCC_VERSION = "";
				INFOPLIST_FILE = "scgasApp/scgasApp-Info.plist";
				PRODUCT_NAME = "scgasApp";
				FRAMEWORK_SEARCH_PATHS = (
					"$(inherited)",
					"\"scgasApp/Plugins/cordova-plugin-facebook4\"",
					"\"scgasApp/Plugins/cordova-plugin-facebook4\"",
					"\"scgasApp/Plugins/cordova-plugin-facebook4\"",
					"\"scgasApp/Plugins/cordova-plugin-facebook4\"",
					"\"scgasApp/Plugins/cordova-plugin-googleplus\"",
					"\"scgasApp/Plugins/cordova-plugin-googleplus\"",
					"\"scgasApp/Plugins/cordova-plugin-googleplus\"",
					"\"scgasApp/Plugins/cordova-plugin-googleplus\"",
					"\"scgasApp/Plugins/cordova-plugin-googleplus\"",
					"\"scgasApp/Plugins/cordova-plugin-googleplus\"",
				);
			};
			name = Release;
		};
		C01FCF4F08A954540054247B /* Debug */ = {
			isa = XCBuildConfiguration;
			baseConfigurationReference = 3047A5111AB8059700498E2A /* build.xcconfig */;
			buildSettings = {
				CLANG_ENABLE_MODULES = YES;
				CLANG_ENABLE_OBJC_ARC = YES;
				CLANG_WARN_BOOL_CONVERSION = YES;
				CLANG_WARN_CONSTANT_CONVERSION = YES;
				CLANG_WARN_EMPTY_BODY = YES;
				CLANG_WARN_ENUM_CONVERSION = YES;
				CLANG_WARN_INT_CONVERSION = YES;
				CLANG_WARN__DUPLICATE_METHOD_MATCH = YES;
				GCC_C_LANGUAGE_STANDARD = c99;
				GCC_THUMB_SUPPORT = NO;
				GCC_VERSION = "";
				GCC_WARN_ABOUT_RETURN_TYPE = YES;
				GCC_WARN_UNDECLARED_SELECTOR = YES;
				GCC_WARN_UNINITIALIZED_AUTOS = YES;
				GCC_WARN_UNUSED_FUNCTION = YES;
				GCC_WARN_UNUSED_VARIABLE = YES;
				ONLY_ACTIVE_ARCH = YES;
				SDKROOT = iphoneos;
				SKIP_INSTALL = NO;
			};
			name = Debug;
		};
		C01FCF5008A954540054247B /* Release */ = {
			isa = XCBuildConfiguration;
			baseConfigurationReference = 3047A5111AB8059700498E2A /* build.xcconfig */;
			buildSettings = {
				CLANG_ENABLE_MODULES = YES;
				CLANG_ENABLE_OBJC_ARC = YES;
				CLANG_WARN_BOOL_CONVERSION = YES;
				CLANG_WARN_CONSTANT_CONVERSION = YES;
				CLANG_WARN_EMPTY_BODY = YES;
				CLANG_WARN_ENUM_CONVERSION = YES;
				CLANG_WARN_INT_CONVERSION = YES;
				CLANG_WARN__DUPLICATE_METHOD_MATCH = YES;
				GCC_C_LANGUAGE_STANDARD = c99;
				GCC_THUMB_SUPPORT = NO;
				GCC_VERSION = "";
				GCC_WARN_ABOUT_RETURN_TYPE = YES;
				GCC_WARN_UNDECLARED_SELECTOR = YES;
				GCC_WARN_UNINITIALIZED_AUTOS = YES;
				GCC_WARN_UNUSED_FUNCTION = YES;
				GCC_WARN_UNUSED_VARIABLE = YES;
				SDKROOT = iphoneos;
				SKIP_INSTALL = NO;
			};
			name = Release;
		};
/* End XCBuildConfiguration section */

/* Begin XCConfigurationList section */
		1D6058960D05DD3E006BFB54 /* Build configuration list for PBXNativeTarget "scgasApp" */ = {
			isa = XCConfigurationList;
			buildConfigurations = (
				1D6058940D05DD3E006BFB54 /* Debug */,
				1D6058950D05DD3E006BFB54 /* Release */,
			);
			defaultConfigurationIsVisible = 0;
			defaultConfigurationName = Release;
		};
		C01FCF4E08A954540054247B /* Build configuration list for PBXProject "__NON-CLI__" */ = {
			isa = XCConfigurationList;
			buildConfigurations = (
				C01FCF4F08A954540054247B /* Debug */,
				C01FCF5008A954540054247B /* Release */,
			);
			defaultConfigurationIsVisible = 0;
			defaultConfigurationName = Release;
		};
/* End XCConfigurationList section */
	};
	rootObject = 29B97313FDCFA39411CA2CEA /* Project object */;
}
